
Microsoft Visual Studio Solution File, Format Version 12.00
# Visual Studio 15
VisualStudioVersion = 15.0.26730.15
MinimumVisualStudioVersion = 10.0.40219.1
Project("{FAE04EC0-301F-11D3-BF4B-00C04F79EFBC}") = "CricketGame.Spec", "CricketGame.Spec\CricketGame.Spec.csproj", "{3F5FA288-9CCE-4F1D-B654-2BE8799C1100}"
EndProject
Project("{FAE04EC0-301F-11D3-BF4B-00C04F79EFBC}") = "CricketGame", "CricketGame\CricketGame.csproj", "{F2197323-FE99-4517-987B-11F9615634C8}"
EndProject
Project("{FAE04EC0-301F-11D3-BF4B-00C04F79EFBC}") = "CricketGame.Test", "CricketGame.Test\CricketGame.Test.csproj", "{F4D709FE-BA73-4495-A2A4-B4002E97C1C2}"
EndProject
Global
	GlobalSection(SolutionConfigurationPlatforms) = preSolution
		Debug|Any CPU = Debug|Any CPU
		Release|Any CPU = Release|Any CPU
	EndGlobalSection
	GlobalSection(ProjectConfigurationPlatforms) = postSolution
		{3F5FA288-9CCE-4F1D-B654-2BE8799C1100}.Debug|Any CPU.ActiveCfg = Debug|Any CPU
		{3F5FA288-9CCE-4F1D-B654-2BE8799C1100}.Debug|Any CPU.Build.0 = Debug|Any CPU
		{3F5FA288-9CCE-4F1D-B654-2BE8799C1100}.Release|Any CPU.ActiveCfg = Release|Any CPU
		{3F5FA288-9CCE-4F1D-B654-2BE8799C1100}.Release|Any CPU.Build.0 = Release|Any CPU
		{F2197323-FE99-4517-987B-11F9615634C8}.Debug|Any CPU.ActiveCfg = Debug|Any CPU
		{F2197323-FE99-4517-987B-11F9615634C8}.Debug|Any CPU.Build.0 = Debug|Any CPU
		{F2197323-FE99-4517-987B-11F9615634C8}.Release|Any CPU.ActiveCfg = Release|Any CPU
		{F2197323-FE99-4517-987B-11F9615634C8}.Release|Any CPU.Build.0 = Release|Any CPU
		{F4D709FE-BA73-4495-A2A4-B4002E97C1C2}.Debug|Any CPU.ActiveCfg = Debug|Any CPU
		{F4D709FE-BA73-4495-A2A4-B4002E97C1C2}.Debug|Any CPU.Build.0 = Debug|Any CPU
		{F4D709FE-BA73-4495-A2A4-B4002E97C1C2}.Release|Any CPU.ActiveCfg = Release|Any CPU
		{F4D709FE-BA73-4495-A2A4-B4002E97C1C2}.Release|Any CPU.Build.0 = Release|Any CPU
	EndGlobalSection
	GlobalSection(SolutionProperties) = preSolution
		HideSolutionNode = FALSE
	EndGlobalSection
	GlobalSection(ExtensibilityGlobals) = postSolution
		SolutionGuid = {C9C92CFA-0280-4AEE-98C2-2D6491A78E4F}
	EndGlobalSection
EndGlobal
